
Microsoft Visual Studio Solution File, Format Version 12.00
# Visual Studio Version 17
VisualStudioVersion = 17.5.33516.290
MinimumVisualStudioVersion = 10.0.40219.1
Project("{9A19103F-16F7-4668-BE54-9A1E7A4F7556}") = "Rental-Car-Management-Program", "Rental-Car-Management-Program.csproj", "{8600E692-9995-4048-8990-2300911E7EBA}"
EndProject
Global
	GlobalSection(SolutionConfigurationPlatforms) = preSolution
		Debug|Any CPU = Debug|Any CPU
		Release|Any CPU = Release|Any CPU
	EndGlobalSection
	GlobalSection(ProjectConfigurationPlatforms) = postSolution
		{8600E692-9995-4048-8990-2300911E7EBA}.Debug|Any CPU.ActiveCfg = Debug|Any CPU
		{8600E692-9995-4048-8990-2300911E7EBA}.Debug|Any CPU.Build.0 = Debug|Any CPU
		{8600E692-9995-4048-8990-2300911E7EBA}.Release|Any CPU.ActiveCfg = Release|Any CPU
		{8600E692-9995-4048-8990-2300911E7EBA}.Release|Any CPU.Build.0 = Release|Any CPU
	EndGlobalSection
	GlobalSection(SolutionProperties) = preSolution
		HideSolutionNode = FALSE
	EndGlobalSection
	GlobalSection(ExtensibilityGlobals) = postSolution
		SolutionGuid = {0A8D9F27-93EB-4C60-92C7-7F7B27792A95}
	EndGlobalSection
EndGlobal
